// !$*UTF8*$!
{
	archiveVersion = 1;
	classes = {
	};
	objectVersion = 56;
	objects = {

/* Begin PBXBuildFile section */
		BCA409BB2B7FED36003C19DA /* AppDelegate.swift in Sources */ = {isa = PBXBuildFile; fileRef = BCA409BA2B7FED36003C19DA /* AppDelegate.swift */; };
		BCA409BD2B7FED36003C19DA /* SceneDelegate.swift in Sources */ = {isa = PBXBuildFile; fileRef = BCA409BC2B7FED36003C19DA /* SceneDelegate.swift */; };
		BCA409C22B7FED36003C19DA /* Main.storyboard in Resources */ = {isa = PBXBuildFile; fileRef = BCA409C02B7FED36003C19DA /* Main.storyboard */; };
		BCA409C42B7FED37003C19DA /* Assets.xcassets in Resources */ = {isa = PBXBuildFile; fileRef = BCA409C32B7FED37003C19DA /* Assets.xcassets */; };
		BCA409C72B7FED37003C19DA /* LaunchScreen.storyboard in Resources */ = {isa = PBXBuildFile; fileRef = BCA409C52B7FED37003C19DA /* LaunchScreen.storyboard */; };
		BCA409D42B7FEE55003C19DA /* Endpointable.swift in Sources */ = {isa = PBXBuildFile; fileRef = BCA409D32B7FEE55003C19DA /* Endpointable.swift */; };
		BCA409D72B7FEE8A003C19DA /* MainEndPoint.swift in Sources */ = {isa = PBXBuildFile; fileRef = BCA409D62B7FEE8A003C19DA /* MainEndPoint.swift */; };
		BCA409D92B7FEF0B003C19DA /* Networkable.swift in Sources */ = {isa = PBXBuildFile; fileRef = BCA409D82B7FEF0B003C19DA /* Networkable.swift */; };
		BCA409DC2B7FEF68003C19DA /* ServiceManager.swift in Sources */ = {isa = PBXBuildFile; fileRef = BCA409DB2B7FEF68003C19DA /* ServiceManager.swift */; };
		BCA409E02B7FF86D003C19DA /* MostPlayedSongResponse.swift in Sources */ = {isa = PBXBuildFile; fileRef = BCA409DF2B7FF86D003C19DA /* MostPlayedSongResponse.swift */; };
		BCA409E32B7FF888003C19DA /* MainDataProviderProtocols.swift in Sources */ = {isa = PBXBuildFile; fileRef = BCA409E22B7FF888003C19DA /* MainDataProviderProtocols.swift */; };
		BCA409E52B7FF88D003C19DA /* MainDataProvider.swift in Sources */ = {isa = PBXBuildFile; fileRef = BCA409E42B7FF88D003C19DA /* MainDataProvider.swift */; };
		BCA409E82B7FF943003C19DA /* MainViewModel.swift in Sources */ = {isa = PBXBuildFile; fileRef = BCA409E72B7FF943003C19DA /* MainViewModel.swift */; };
		BCA409EA2B7FF948003C19DA /* MainViewModelProtocol.swift in Sources */ = {isa = PBXBuildFile; fileRef = BCA409E92B7FF948003C19DA /* MainViewModelProtocol.swift */; };
		BCA409ED2B7FF9E6003C19DA /* MainViewController.swift in Sources */ = {isa = PBXBuildFile; fileRef = BCA409EC2B7FF9E6003C19DA /* MainViewController.swift */; };
/* End PBXBuildFile section */

/* Begin PBXFileReference section */
		BCA409B72B7FED36003C19DA /* AsyncAwait.app */ = {isa = PBXFileReference; explicitFileType = wrapper.application; includeInIndex = 0; path = AsyncAwait.app; sourceTree = BUILT_PRODUCTS_DIR; };
		BCA409BA2B7FED36003C19DA /* AppDelegate.swift */ = {isa = PBXFileReference; lastKnownFileType = sourcecode.swift; path = AppDelegate.swift; sourceTree = "<group>"; };
		BCA409BC2B7FED36003C19DA /* SceneDelegate.swift */ = {isa = PBXFileReference; lastKnownFileType = sourcecode.swift; path = SceneDelegate.swift; sourceTree = "<group>"; };
		BCA409C12B7FED36003C19DA /* Base */ = {isa = PBXFileReference; lastKnownFileType = file.storyboard; name = Base; path = Base.lproj/Main.storyboard; sourceTree = "<group>"; };
		BCA409C32B7FED37003C19DA /* Assets.xcassets */ = {isa = PBXFileReference; lastKnownFileType = folder.assetcatalog; path = Assets.xcassets; sourceTree = "<group>"; };
		BCA409C62B7FED37003C19DA /* Base */ = {isa = PBXFileReference; lastKnownFileType = file.storyboard; name = Base; path = Base.lproj/LaunchScreen.storyboard; sourceTree = "<group>"; };
		BCA409C82B7FED37003C19DA /* Info.plist */ = {isa = PBXFileReference; lastKnownFileType = text.plist.xml; path = Info.plist; sourceTree = "<group>"; };
		BCA409D32B7FEE55003C19DA /* Endpointable.swift */ = {isa = PBXFileReference; lastKnownFileType = sourcecode.swift; path = Endpointable.swift; sourceTree = "<group>"; };
		BCA409D62B7FEE8A003C19DA /* MainEndPoint.swift */ = {isa = PBXFileReference; lastKnownFileType = sourcecode.swift; path = MainEndPoint.swift; sourceTree = "<group>"; };
		BCA409D82B7FEF0B003C19DA /* Networkable.swift */ = {isa = PBXFileReference; lastKnownFileType = sourcecode.swift; path = Networkable.swift; sourceTree = "<group>"; };
		BCA409DB2B7FEF68003C19DA /* ServiceManager.swift */ = {isa = PBXFileReference; lastKnownFileType = sourcecode.swift; path = ServiceManager.swift; sourceTree = "<group>"; };
		BCA409DF2B7FF86D003C19DA /* MostPlayedSongResponse.swift */ = {isa = PBXFileReference; lastKnownFileType = sourcecode.swift; path = MostPlayedSongResponse.swift; sourceTree = "<group>"; };
		BCA409E22B7FF888003C19DA /* MainDataProviderProtocols.swift */ = {isa = PBXFileReference; lastKnownFileType = sourcecode.swift; path = MainDataProviderProtocols.swift; sourceTree = "<group>"; };
		BCA409E42B7FF88D003C19DA /* MainDataProvider.swift */ = {isa = PBXFileReference; lastKnownFileType = sourcecode.swift; path = MainDataProvider.swift; sourceTree = "<group>"; };
		BCA409E72B7FF943003C19DA /* MainViewModel.swift */ = {isa = PBXFileReference; lastKnownFileType = sourcecode.swift; path = MainViewModel.swift; sourceTree = "<group>"; };
		BCA409E92B7FF948003C19DA /* MainViewModelProtocol.swift */ = {isa = PBXFileReference; lastKnownFileType = sourcecode.swift; path = MainViewModelProtocol.swift; sourceTree = "<group>"; };
		BCA409EC2B7FF9E6003C19DA /* MainViewController.swift */ = {isa = PBXFileReference; lastKnownFileType = sourcecode.swift; path = MainViewController.swift; sourceTree = "<group>"; };
/* End PBXFileReference section */

/* Begin PBXFrameworksBuildPhase section */
		BCA409B42B7FED36003C19DA /* Frameworks */ = {
			isa = PBXFrameworksBuildPhase;
			buildActionMask = 2147483647;
			files = (
			);
			runOnlyForDeploymentPostprocessing = 0;
		};
/* End PBXFrameworksBuildPhase section */

/* Begin PBXGroup section */
		BCA409AE2B7FED36003C19DA = {
			isa = PBXGroup;
			children = (
				BCA409B92B7FED36003C19DA /* AsyncAwait */,
				BCA409B82B7FED36003C19DA /* Products */,
			);
			sourceTree = "<group>";
		};
		BCA409B82B7FED36003C19DA /* Products */ = {
			isa = PBXGroup;
			children = (
				BCA409B72B7FED36003C19DA /* AsyncAwait.app */,
			);
			name = Products;
			sourceTree = "<group>";
		};
		BCA409B92B7FED36003C19DA /* AsyncAwait */ = {
			isa = PBXGroup;
			children = (
				BCA409DD2B7FF85E003C19DA /* Modules */,
				BCA409D02B7FEDC6003C19DA /* Network */,
				BCA409CF2B7FEDBE003C19DA /* Resources */,
				BCA409CE2B7FEDB4003C19DA /* Delegates */,
				BCA409C82B7FED37003C19DA /* Info.plist */,
			);
			path = AsyncAwait;
			sourceTree = "<group>";
		};
		BCA409CE2B7FEDB4003C19DA /* Delegates */ = {
			isa = PBXGroup;
			children = (
				BCA409BA2B7FED36003C19DA /* AppDelegate.swift */,
				BCA409BC2B7FED36003C19DA /* SceneDelegate.swift */,
			);
			path = Delegates;
			sourceTree = "<group>";
		};
		BCA409CF2B7FEDBE003C19DA /* Resources */ = {
			isa = PBXGroup;
			children = (
				BCA409C02B7FED36003C19DA /* Main.storyboard */,
				BCA409C32B7FED37003C19DA /* Assets.xcassets */,
				BCA409C52B7FED37003C19DA /* LaunchScreen.storyboard */,
			);
			path = Resources;
			sourceTree = "<group>";
		};
		BCA409D02B7FEDC6003C19DA /* Network */ = {
			isa = PBXGroup;
			children = (
				BCA409DA2B7FEF61003C19DA /* Manager */,
				BCA409D52B7FEE77003C19DA /* Endpoints */,
				BCA409D12B7FEDCB003C19DA /* Protocols */,
			);
			path = Network;
			sourceTree = "<group>";
		};
		BCA409D12B7FEDCB003C19DA /* Protocols */ = {
			isa = PBXGroup;
			children = (
				BCA409D32B7FEE55003C19DA /* Endpointable.swift */,
				BCA409D82B7FEF0B003C19DA /* Networkable.swift */,
			);
			path = Protocols;
			sourceTree = "<group>";
		};
		BCA409D52B7FEE77003C19DA /* Endpoints */ = {
			isa = PBXGroup;
			children = (
				BCA409D62B7FEE8A003C19DA /* MainEndPoint.swift */,
			);
			path = Endpoints;
			sourceTree = "<group>";
		};
		BCA409DA2B7FEF61003C19DA /* Manager */ = {
			isa = PBXGroup;
			children = (
				BCA409DB2B7FEF68003C19DA /* ServiceManager.swift */,
			);
			path = Manager;
			sourceTree = "<group>";
		};
		BCA409DD2B7FF85E003C19DA /* Modules */ = {
			isa = PBXGroup;
			children = (
				BCA409EB2B7FF9CD003C19DA /* View */,
				BCA409E62B7FF93E003C19DA /* ViewModel */,
				BCA409E12B7FF879003C19DA /* MainDataProvider */,
				BCA409DE2B7FF861003C19DA /* Response */,
			);
			path = Modules;
			sourceTree = "<group>";
		};
		BCA409DE2B7FF861003C19DA /* Response */ = {
			isa = PBXGroup;
			children = (
				BCA409DF2B7FF86D003C19DA /* MostPlayedSongResponse.swift */,
			);
			path = Response;
			sourceTree = "<group>";
		};
		BCA409E12B7FF879003C19DA /* MainDataProvider */ = {
			isa = PBXGroup;
			children = (
				BCA409E22B7FF888003C19DA /* MainDataProviderProtocols.swift */,
				BCA409E42B7FF88D003C19DA /* MainDataProvider.swift */,
			);
			path = MainDataProvider;
			sourceTree = "<group>";
		};
		BCA409E62B7FF93E003C19DA /* ViewModel */ = {
			isa = PBXGroup;
			children = (
				BCA409E72B7FF943003C19DA /* MainViewModel.swift */,
				BCA409E92B7FF948003C19DA /* MainViewModelProtocol.swift */,
			);
			path = ViewModel;
			sourceTree = "<group>";
		};
		BCA409EB2B7FF9CD003C19DA /* View */ = {
			isa = PBXGroup;
			children = (
				BCA409EC2B7FF9E6003C19DA /* MainViewController.swift */,
			);
			path = View;
			sourceTree = "<group>";
		};
/* End PBXGroup section */

/* Begin PBXNativeTarget section */
		BCA409B62B7FED36003C19DA /* AsyncAwait */ = {
			isa = PBXNativeTarget;
			buildConfigurationList = BCA409CB2B7FED37003C19DA /* Build configuration list for PBXNativeTarget "AsyncAwait" */;
			buildPhases = (
				BCA409B32B7FED36003C19DA /* Sources */,
				BCA409B42B7FED36003C19DA /* Frameworks */,
				BCA409B52B7FED36003C19DA /* Resources */,
			);
			buildRules = (
			);
			dependencies = (
			);
			name = AsyncAwait;
			productName = AsyncAwait;
			productReference = BCA409B72B7FED36003C19DA /* AsyncAwait.app */;
			productType = "com.apple.product-type.application";
		};
/* End PBXNativeTarget section */

/* Begin PBXProject section */
		BCA409AF2B7FED36003C19DA /* Project object */ = {
			isa = PBXProject;
			attributes = {
				BuildIndependentTargetsInParallel = 1;
				LastSwiftUpdateCheck = 1520;
				LastUpgradeCheck = 1520;
				TargetAttributes = {
					BCA409B62B7FED36003C19DA = {
						CreatedOnToolsVersion = 15.2;
					};
				};
			};
			buildConfigurationList = BCA409B22B7FED36003C19DA /* Build configuration list for PBXProject "AsyncAwait" */;
			compatibilityVersion = "Xcode 14.0";
			developmentRegion = en;
			hasScannedForEncodings = 0;
			knownRegions = (
				en,
				Base,
			);
			mainGroup = BCA409AE2B7FED36003C19DA;
			productRefGroup = BCA409B82B7FED36003C19DA /* Products */;
			projectDirPath = "";
			projectRoot = "";
			targets = (
				BCA409B62B7FED36003C19DA /* AsyncAwait */,
			);
		};
/* End PBXProject section */

/* Begin PBXResourcesBuildPhase section */
		BCA409B52B7FED36003C19DA /* Resources */ = {
			isa = PBXResourcesBuildPhase;
			buildActionMask = 2147483647;
			files = (
				BCA409C72B7FED37003C19DA /* LaunchScreen.storyboard in Resources */,
				BCA409C42B7FED37003C19DA /* Assets.xcassets in Resources */,
				BCA409C22B7FED36003C19DA /* Main.storyboard in Resources */,
			);
			runOnlyForDeploymentPostprocessing = 0;
		};
/* End PBXResourcesBuildPhase section */

/* Begin PBXSourcesBuildPhase section */
		BCA409B32B7FED36003C19DA /* Sources */ = {
			isa = PBXSourcesBuildPhase;
			buildActionMask = 2147483647;
			files = (
				BCA409BB2B7FED36003C19DA /* AppDelegate.swift in Sources */,
				BCA409E32B7FF888003C19DA /* MainDataProviderProtocols.swift in Sources */,
				BCA409D42B7FEE55003C19DA /* Endpointable.swift in Sources */,
				BCA409ED2B7FF9E6003C19DA /* MainViewController.swift in Sources */,
				BCA409E02B7FF86D003C19DA /* MostPlayedSongResponse.swift in Sources */,
				BCA409BD2B7FED36003C19DA /* SceneDelegate.swift in Sources */,
				BCA409E82B7FF943003C19DA /* MainViewModel.swift in Sources */,
				BCA409EA2B7FF948003C19DA /* MainViewModelProtocol.swift in Sources */,
				BCA409D92B7FEF0B003C19DA /* Networkable.swift in Sources */,
				BCA409D72B7FEE8A003C19DA /* MainEndPoint.swift in Sources */,
				BCA409DC2B7FEF68003C19DA /* ServiceManager.swift in Sources */,
				BCA409E52B7FF88D003C19DA /* MainDataProvider.swift in Sources */,
			);
			runOnlyForDeploymentPostprocessing = 0;
		};
/* End PBXSourcesBuildPhase section */

/* Begin PBXVariantGroup section */
		BCA409C02B7FED36003C19DA /* Main.storyboard */ = {
			isa = PBXVariantGroup;
			children = (
				BCA409C12B7FED36003C19DA /* Base */,
			);
			name = Main.storyboard;
			sourceTree = "<group>";
		};
		BCA409C52B7FED37003C19DA /* LaunchScreen.storyboard */ = {
			isa = PBXVariantGroup;
			children = (
				BCA409C62B7FED37003C19DA /* Base */,
			);
			name = LaunchScreen.storyboard;
			sourceTree = "<group>";
		};
/* End PBXVariantGroup section */

/* Begin XCBuildConfiguration section */
		BCA409C92B7FED37003C19DA /* Debug */ = {
			isa = XCBuildConfiguration;
			buildSettings = {
				ALWAYS_SEARCH_USER_PATHS = NO;
				ASSETCATALOG_COMPILER_GENERATE_SWIFT_ASSET_SYMBOL_EXTENSIONS = YES;
				CLANG_ANALYZER_NONNULL = YES;
				CLANG_ANALYZER_NUMBER_OBJECT_CONVERSION = YES_AGGRESSIVE;
				CLANG_CXX_LANGUAGE_STANDARD = "gnu++20";
				CLANG_ENABLE_MODULES = YES;
				CLANG_ENABLE_OBJC_ARC = YES;
				CLANG_ENABLE_OBJC_WEAK = YES;
				CLANG_WARN_BLOCK_CAPTURE_AUTORELEASING = YES;
				CLANG_WARN_BOOL_CONVERSION = YES;
				CLANG_WARN_COMMA = YES;
				CLANG_WARN_CONSTANT_CONVERSION = YES;
				CLANG_WARN_DEPRECATED_OBJC_IMPLEMENTATIONS = YES;
				CLANG_WARN_DIRECT_OBJC_ISA_USAGE = YES_ERROR;
				CLANG_WARN_DOCUMENTATION_COMMENTS = YES;
				CLANG_WARN_EMPTY_BODY = YES;
				CLANG_WARN_ENUM_CONVERSION = YES;
				CLANG_WARN_INFINITE_RECURSION = YES;
				CLANG_WARN_INT_CONVERSION = YES;
				CLANG_WARN_NON_LITERAL_NULL_CONVERSION = YES;
				CLANG_WARN_OBJC_IMPLICIT_RETAIN_SELF = YES;
				CLANG_WARN_OBJC_LITERAL_CONVERSION = YES;
				CLANG_WARN_OBJC_ROOT_CLASS = YES_ERROR;
				CLANG_WARN_QUOTED_INCLUDE_IN_FRAMEWORK_HEADER = YES;
				CLANG_WARN_RANGE_LOOP_ANALYSIS = YES;
				CLANG_WARN_STRICT_PROTOTYPES = YES;
				CLANG_WARN_SUSPICIOUS_MOVE = YES;
				CLANG_WARN_UNGUARDED_AVAILABILITY = YES_AGGRESSIVE;
				CLANG_WARN_UNREACHABLE_CODE = YES;
				CLANG_WARN__DUPLICATE_METHOD_MATCH = YES;
				COPY_PHASE_STRIP = NO;
				DEBUG_INFORMATION_FORMAT = dwarf;
				ENABLE_STRICT_OBJC_MSGSEND = YES;
				ENABLE_TESTABILITY = YES;
				ENABLE_USER_SCRIPT_SANDBOXING = YES;
				GCC_C_LANGUAGE_STANDARD = gnu17;
				GCC_DYNAMIC_NO_PIC = NO;
				GCC_NO_COMMON_BLOCKS = YES;
				GCC_OPTIMIZATION_LEVEL = 0;
				GCC_PREPROCESSOR_DEFINITIONS = (
					"DEBUG=1",
					"$(inherited)",
				);
				GCC_WARN_64_TO_32_BIT_CONVERSION = YES;
				GCC_WARN_ABOUT_RETURN_TYPE = YES_ERROR;
				GCC_WARN_UNDECLARED_SELECTOR = YES;
				GCC_WARN_UNINITIALIZED_AUTOS = YES_AGGRESSIVE;
				GCC_WARN_UNUSED_FUNCTION = YES;
				GCC_WARN_UNUSED_VARIABLE = YES;
				IPHONEOS_DEPLOYMENT_TARGET = 17.2;
				LOCALIZATION_PREFERS_STRING_CATALOGS = YES;
				MTL_ENABLE_DEBUG_INFO = INCLUDE_SOURCE;
				MTL_FAST_MATH = YES;
				ONLY_ACTIVE_ARCH = YES;
				SDKROOT = iphoneos;
				SWIFT_ACTIVE_COMPILATION_CONDITIONS = "DEBUG $(inherited)";
				SWIFT_OPTIMIZATION_LEVEL = "-Onone";
			};
			name = Debug;
		};
		BCA409CA2B7FED37003C19DA /* Release */ = {
			isa = XCBuildConfiguration;
			buildSettings = {
				ALWAYS_SEARCH_USER_PATHS = NO;
				ASSETCATALOG_COMPILER_GENERATE_SWIFT_ASSET_SYMBOL_EXTENSIONS = YES;
				CLANG_ANALYZER_NONNULL = YES;
				CLANG_ANALYZER_NUMBER_OBJECT_CONVERSION = YES_AGGRESSIVE;
				CLANG_CXX_LANGUAGE_STANDARD = "gnu++20";
				CLANG_ENABLE_MODULES = YES;
				CLANG_ENABLE_OBJC_ARC = YES;
				CLANG_ENABLE_OBJC_WEAK = YES;
				CLANG_WARN_BLOCK_CAPTURE_AUTORELEASING = YES;
				CLANG_WARN_BOOL_CONVERSION = YES;
				CLANG_WARN_COMMA = YES;
				CLANG_WARN_CONSTANT_CONVERSION = YES;
				CLANG_WARN_DEPRECATED_OBJC_IMPLEMENTATIONS = YES;
				CLANG_WARN_DIRECT_OBJC_ISA_USAGE = YES_ERROR;
				CLANG_WARN_DOCUMENTATION_COMMENTS = YES;
				CLANG_WARN_EMPTY_BODY = YES;
				CLANG_WARN_ENUM_CONVERSION = YES;
				CLANG_WARN_INFINITE_RECURSION = YES;
				CLANG_WARN_INT_CONVERSION = YES;
				CLANG_WARN_NON_LITERAL_NULL_CONVERSION = YES;
				CLANG_WARN_OBJC_IMPLICIT_RETAIN_SELF = YES;
				CLANG_WARN_OBJC_LITERAL_CONVERSION = YES;
				CLANG_WARN_OBJC_ROOT_CLASS = YES_ERROR;
				CLANG_WARN_QUOTED_INCLUDE_IN_FRAMEWORK_HEADER = YES;
				CLANG_WARN_RANGE_LOOP_ANALYSIS = YES;
				CLANG_WARN_STRICT_PROTOTYPES = YES;
				CLANG_WARN_SUSPICIOUS_MOVE = YES;
				CLANG_WARN_UNGUARDED_AVAILABILITY = YES_AGGRESSIVE;
				CLANG_WARN_UNREACHABLE_CODE = YES;
				CLANG_WARN__DUPLICATE_METHOD_MATCH = YES;
				COPY_PHASE_STRIP = NO;
				DEBUG_INFORMATION_FORMAT = "dwarf-with-dsym";
				ENABLE_NS_ASSERTIONS = NO;
				ENABLE_STRICT_OBJC_MSGSEND = YES;
				ENABLE_USER_SCRIPT_SANDBOXING = YES;
				GCC_C_LANGUAGE_STANDARD = gnu17;
				GCC_NO_COMMON_BLOCKS = YES;
				GCC_WARN_64_TO_32_BIT_CONVERSION = YES;
				GCC_WARN_ABOUT_RETURN_TYPE = YES_ERROR;
				GCC_WARN_UNDECLARED_SELECTOR = YES;
				GCC_WARN_UNINITIALIZED_AUTOS = YES_AGGRESSIVE;
				GCC_WARN_UNUSED_FUNCTION = YES;
				GCC_WARN_UNUSED_VARIABLE = YES;
				IPHONEOS_DEPLOYMENT_TARGET = 17.2;
				LOCALIZATION_PREFERS_STRING_CATALOGS = YES;
				MTL_ENABLE_DEBUG_INFO = NO;
				MTL_FAST_MATH = YES;
				SDKROOT = iphoneos;
				SWIFT_COMPILATION_MODE = wholemodule;
				VALIDATE_PRODUCT = YES;
			};
			name = Release;
		};
		BCA409CC2B7FED37003C19DA /* Debug */ = {
			isa = XCBuildConfiguration;
			buildSettings = {
				ASSETCATALOG_COMPILER_APPICON_NAME = AppIcon;
				ASSETCATALOG_COMPILER_GLOBAL_ACCENT_COLOR_NAME = AccentColor;
				CODE_SIGN_STYLE = Automatic;
				CURRENT_PROJECT_VERSION = 1;
				DEVELOPMENT_TEAM = QHYXVGKS7V;
				GENERATE_INFOPLIST_FILE = YES;
				INFOPLIST_FILE = AsyncAwait/Info.plist;
				INFOPLIST_KEY_UIApplicationSupportsIndirectInputEvents = YES;
				INFOPLIST_KEY_UILaunchStoryboardName = LaunchScreen;
				INFOPLIST_KEY_UISupportedInterfaceOrientations_iPad = "UIInterfaceOrientationPortrait UIInterfaceOrientationPortraitUpsideDown UIInterfaceOrientationLandscapeLeft UIInterfaceOrientationLandscapeRight";
				INFOPLIST_KEY_UISupportedInterfaceOrientations_iPhone = "UIInterfaceOrientationPortrait UIInterfaceOrientationLandscapeLeft UIInterfaceOrientationLandscapeRight";
				LD_RUNPATH_SEARCH_PATHS = (
					"$(inherited)",
					"@executable_path/Frameworks",
				);
				MARKETING_VERSION = 1.0;
				PRODUCT_BUNDLE_IDENTIFIER = cenkbahadircark.AsyncAwait;
				PRODUCT_NAME = "$(TARGET_NAME)";
				SWIFT_EMIT_LOC_STRINGS = YES;
				SWIFT_VERSION = 5.0;
				TARGETED_DEVICE_FAMILY = "1,2";
			};
			name = Debug;
		};
		BCA409CD2B7FED37003C19DA /* Release */ = {
			isa = XCBuildConfiguration;
			buildSettings = {
				ASSETCATALOG_COMPILER_APPICON_NAME = AppIcon;
				ASSETCATALOG_COMPILER_GLOBAL_ACCENT_COLOR_NAME = AccentColor;
				CODE_SIGN_STYLE = Automatic;
				CURRENT_PROJECT_VERSION = 1;
				DEVELOPMENT_TEAM = QHYXVGKS7V;
				GENERATE_INFOPLIST_FILE = YES;
				INFOPLIST_FILE = AsyncAwait/Info.plist;
				INFOPLIST_KEY_UIApplicationSupportsIndirectInputEvents = YES;
				INFOPLIST_KEY_UILaunchStoryboardName = LaunchScreen;
				INFOPLIST_KEY_UISupportedInterfaceOrientations_iPad = "UIInterfaceOrientationPortrait UIInterfaceOrientationPortraitUpsideDown UIInterfaceOrientationLandscapeLeft UIInterfaceOrientationLandscapeRight";
				INFOPLIST_KEY_UISupportedInterfaceOrientations_iPhone = "UIInterfaceOrientationPortrait UIInterfaceOrientationLandscapeLeft UIInterfaceOrientationLandscapeRight";
				LD_RUNPATH_SEARCH_PATHS = (
					"$(inherited)",
					"@executable_path/Frameworks",
				);
				MARKETING_VERSION = 1.0;
				PRODUCT_BUNDLE_IDENTIFIER = cenkbahadircark.AsyncAwait;
				PRODUCT_NAME = "$(TARGET_NAME)";
				SWIFT_EMIT_LOC_STRINGS = YES;
				SWIFT_VERSION = 5.0;
				TARGETED_DEVICE_FAMILY = "1,2";
			};
			name = Release;
		};
/* End XCBuildConfiguration section */

/* Begin XCConfigurationList section */
		BCA409B22B7FED36003C19DA /* Build configuration list for PBXProject "AsyncAwait" */ = {
			isa = XCConfigurationList;
			buildConfigurations = (
				BCA409C92B7FED37003C19DA /* Debug */,
				BCA409CA2B7FED37003C19DA /* Release */,
			);
			defaultConfigurationIsVisible = 0;
			defaultConfigurationName = Release;
		};
		BCA409CB2B7FED37003C19DA /* Build configuration list for PBXNativeTarget "AsyncAwait" */ = {
			isa = XCConfigurationList;
			buildConfigurations = (
				BCA409CC2B7FED37003C19DA /* Debug */,
				BCA409CD2B7FED37003C19DA /* Release */,
			);
			defaultConfigurationIsVisible = 0;
			defaultConfigurationName = Release;
		};
/* End XCConfigurationList section */
	};
	rootObject = BCA409AF2B7FED36003C19DA /* Project object */;
}
